
Microsoft Visual Studio Solution File, Format Version 12.00
# Visual Studio Version 17
VisualStudioVersion = 17.14.36310.24
MinimumVisualStudioVersion = 10.0.40219.1
Project("{8BC9CEB8-8B4A-11D0-8D11-00A0C91BC942}") = "MouseHook", "MouseHook\MouseHook.vcxproj", "{6515814E-23FE-4198-91AF-EC5BB3FA9AF7}"
EndProject
Project("{8BC9CEB8-8B4A-11D0-8D11-00A0C91BC942}") = "TapTrigger", "TapTrigger\TapTrigger.vcxproj", "{98764834-B429-47E6-9C89-027416B06E99}"
EndProject
Project("{8BC9CEB8-8B4A-11D0-8D11-00A0C91BC942}") = "VGCommon", "VGCommon\VGCommon.vcxproj", "{2805F6F3-C1B8-47D8-836C-094B8DEA0807}"
EndProject
Project("{8BC9CEB8-8B4A-11D0-8D11-00A0C91BC942}") = "VAIOGateDesktopShellExt", "VAIOGateDesktopShellExt\VAIOGateDesktopShellExt.vcxproj", "{1E6458E9-BCBB-46A8-A5B0-F9FB9681B1D1}"
EndProject
Project("{8BC9CEB8-8B4A-11D0-8D11-00A0C91BC942}") = "ExecutionProxy", "ExecutionProxy\ExecutionProxy.vcxproj", "{553F51B4-4B9A-400A-AAF9-22E73E04E4EF}"
EndProject
Project("{8BC9CEB8-8B4A-11D0-8D11-00A0C91BC942}") = "VGNet", "VGNet\VGNet.vcxproj", "{07CDEE36-FAFC-436B-A711-150B2AAA954B}"
EndProject
Global
	GlobalSection(SolutionConfigurationPlatforms) = preSolution
		Debug|x64 = Debug|x64
		Debug|x86 = Debug|x86
		Release|x64 = Release|x64
		Release|x86 = Release|x86
	EndGlobalSection
	GlobalSection(ProjectConfigurationPlatforms) = postSolution
		{6515814E-23FE-4198-91AF-EC5BB3FA9AF7}.Debug|x64.ActiveCfg = Debug|x64
		{6515814E-23FE-4198-91AF-EC5BB3FA9AF7}.Debug|x64.Build.0 = Debug|x64
		{6515814E-23FE-4198-91AF-EC5BB3FA9AF7}.Debug|x86.ActiveCfg = Debug|Win32
		{6515814E-23FE-4198-91AF-EC5BB3FA9AF7}.Debug|x86.Build.0 = Debug|Win32
		{6515814E-23FE-4198-91AF-EC5BB3FA9AF7}.Release|x64.ActiveCfg = Release|x64
		{6515814E-23FE-4198-91AF-EC5BB3FA9AF7}.Release|x64.Build.0 = Release|x64
		{6515814E-23FE-4198-91AF-EC5BB3FA9AF7}.Release|x86.ActiveCfg = Release|Win32
		{6515814E-23FE-4198-91AF-EC5BB3FA9AF7}.Release|x86.Build.0 = Release|Win32
		{98764834-B429-47E6-9C89-027416B06E99}.Debug|x64.ActiveCfg = Debug|x64
		{98764834-B429-47E6-9C89-027416B06E99}.Debug|x64.Build.0 = Debug|x64
		{98764834-B429-47E6-9C89-027416B06E99}.Debug|x86.ActiveCfg = Debug|Win32
		{98764834-B429-47E6-9C89-027416B06E99}.Debug|x86.Build.0 = Debug|Win32
		{98764834-B429-47E6-9C89-027416B06E99}.Release|x64.ActiveCfg = Release|x64
		{98764834-B429-47E6-9C89-027416B06E99}.Release|x64.Build.0 = Release|x64
		{98764834-B429-47E6-9C89-027416B06E99}.Release|x86.ActiveCfg = Release|Win32
		{98764834-B429-47E6-9C89-027416B06E99}.Release|x86.Build.0 = Release|Win32
		{2805F6F3-C1B8-47D8-836C-094B8DEA0807}.Debug|x64.ActiveCfg = Debug|x64
		{2805F6F3-C1B8-47D8-836C-094B8DEA0807}.Debug|x64.Build.0 = Debug|x64
		{2805F6F3-C1B8-47D8-836C-094B8DEA0807}.Debug|x86.ActiveCfg = Debug|Win32
		{2805F6F3-C1B8-47D8-836C-094B8DEA0807}.Debug|x86.Build.0 = Debug|Win32
		{2805F6F3-C1B8-47D8-836C-094B8DEA0807}.Release|x64.ActiveCfg = Release|x64
		{2805F6F3-C1B8-47D8-836C-094B8DEA0807}.Release|x64.Build.0 = Release|x64
		{2805F6F3-C1B8-47D8-836C-094B8DEA0807}.Release|x86.ActiveCfg = Release|Win32
		{2805F6F3-C1B8-47D8-836C-094B8DEA0807}.Release|x86.Build.0 = Release|Win32
		{1E6458E9-BCBB-46A8-A5B0-F9FB9681B1D1}.Debug|x64.ActiveCfg = Debug|x64
		{1E6458E9-BCBB-46A8-A5B0-F9FB9681B1D1}.Debug|x64.Build.0 = Debug|x64
		{1E6458E9-BCBB-46A8-A5B0-F9FB9681B1D1}.Debug|x86.ActiveCfg = Debug|Win32
		{1E6458E9-BCBB-46A8-A5B0-F9FB9681B1D1}.Debug|x86.Build.0 = Debug|Win32
		{1E6458E9-BCBB-46A8-A5B0-F9FB9681B1D1}.Release|x64.ActiveCfg = Release|x64
		{1E6458E9-BCBB-46A8-A5B0-F9FB9681B1D1}.Release|x64.Build.0 = Release|x64
		{1E6458E9-BCBB-46A8-A5B0-F9FB9681B1D1}.Release|x86.ActiveCfg = Release|Win32
		{1E6458E9-BCBB-46A8-A5B0-F9FB9681B1D1}.Release|x86.Build.0 = Release|Win32
		{553F51B4-4B9A-400A-AAF9-22E73E04E4EF}.Debug|x64.ActiveCfg = Debug|x64
		{553F51B4-4B9A-400A-AAF9-22E73E04E4EF}.Debug|x64.Build.0 = Debug|x64
		{553F51B4-4B9A-400A-AAF9-22E73E04E4EF}.Debug|x86.ActiveCfg = Debug|Win32
		{553F51B4-4B9A-400A-AAF9-22E73E04E4EF}.Debug|x86.Build.0 = Debug|Win32
		{553F51B4-4B9A-400A-AAF9-22E73E04E4EF}.Release|x64.ActiveCfg = Release|x64
		{553F51B4-4B9A-400A-AAF9-22E73E04E4EF}.Release|x64.Build.0 = Release|x64
		{553F51B4-4B9A-400A-AAF9-22E73E04E4EF}.Release|x86.ActiveCfg = Release|Win32
		{553F51B4-4B9A-400A-AAF9-22E73E04E4EF}.Release|x86.Build.0 = Release|Win32
		{07CDEE36-FAFC-436B-A711-150B2AAA954B}.Debug|x64.ActiveCfg = Debug|x64
		{07CDEE36-FAFC-436B-A711-150B2AAA954B}.Debug|x64.Build.0 = Debug|x64
		{07CDEE36-FAFC-436B-A711-150B2AAA954B}.Debug|x86.ActiveCfg = Debug|Win32
		{07CDEE36-FAFC-436B-A711-150B2AAA954B}.Debug|x86.Build.0 = Debug|Win32
		{07CDEE36-FAFC-436B-A711-150B2AAA954B}.Release|x64.ActiveCfg = Release|x64
		{07CDEE36-FAFC-436B-A711-150B2AAA954B}.Release|x64.Build.0 = Release|x64
		{07CDEE36-FAFC-436B-A711-150B2AAA954B}.Release|x86.ActiveCfg = Release|Win32
		{07CDEE36-FAFC-436B-A711-150B2AAA954B}.Release|x86.Build.0 = Release|Win32
	EndGlobalSection
	GlobalSection(SolutionProperties) = preSolution
		HideSolutionNode = FALSE
	EndGlobalSection
	GlobalSection(ExtensibilityGlobals) = postSolution
		SolutionGuid = {EF50C556-04CE-40A2-B3FC-10BC517D58ED}
	EndGlobalSection
EndGlobal
